
Microsoft Visual Studio Solution File, Format Version 12.00
# Visual Studio Version 17
VisualStudioVersion = 17.3.32804.467
MinimumVisualStudioVersion = 10.0.40219.1
Project("{FAE04EC0-301F-11D3-BF4B-00C04F79EFBC}") = "SportGoodsStore", "SportGoodsStore.csproj", "{A7902E1E-4E70-4DDC-9123-D64F94B55A90}"
EndProject
Global
	GlobalSection(SolutionConfigurationPlatforms) = preSolution
		Debug|Any CPU = Debug|Any CPU
		Release|Any CPU = Release|Any CPU
	EndGlobalSection
	GlobalSection(ProjectConfigurationPlatforms) = postSolution
		{A7902E1E-4E70-4DDC-9123-D64F94B55A90}.Debug|Any CPU.ActiveCfg = Debug|Any CPU
		{A7902E1E-4E70-4DDC-9123-D64F94B55A90}.Debug|Any CPU.Build.0 = Debug|Any CPU
		{A7902E1E-4E70-4DDC-9123-D64F94B55A90}.Release|Any CPU.ActiveCfg = Release|Any CPU
		{A7902E1E-4E70-4DDC-9123-D64F94B55A90}.Release|Any CPU.Build.0 = Release|Any CPU
	EndGlobalSection
	GlobalSection(SolutionProperties) = preSolution
		HideSolutionNode = FALSE
	EndGlobalSection
	GlobalSection(ExtensibilityGlobals) = postSolution
		SolutionGuid = {01970EC9-B4FE-4A4A-A4CF-021E45527C93}
	EndGlobalSection
EndGlobal
